
Microsoft Visual Studio Solution File, Format Version 12.00
# Visual Studio Version 17
VisualStudioVersion = 17.7.34031.279
MinimumVisualStudioVersion = 10.0.40219.1
Project("{FAE04EC0-301F-11D3-BF4B-00C04F79EFBC}") = "FileWordCount", "FileWordCount.csproj", "{BA2D3005-55AB-4E0D-93C3-7160F717EC94}"
EndProject
Global
	GlobalSection(SolutionConfigurationPlatforms) = preSolution
		Debug|Any CPU = Debug|Any CPU
		Release|Any CPU = Release|Any CPU
	EndGlobalSection
	GlobalSection(ProjectConfigurationPlatforms) = postSolution
		{BA2D3005-55AB-4E0D-93C3-7160F717EC94}.Debug|Any CPU.ActiveCfg = Debug|Any CPU
		{BA2D3005-55AB-4E0D-93C3-7160F717EC94}.Debug|Any CPU.Build.0 = Debug|Any CPU
		{BA2D3005-55AB-4E0D-93C3-7160F717EC94}.Release|Any CPU.ActiveCfg = Release|Any CPU
		{BA2D3005-55AB-4E0D-93C3-7160F717EC94}.Release|Any CPU.Build.0 = Release|Any CPU
	EndGlobalSection
	GlobalSection(SolutionProperties) = preSolution
		HideSolutionNode = FALSE
	EndGlobalSection
	GlobalSection(ExtensibilityGlobals) = postSolution
		SolutionGuid = {CB70D1CC-14D0-445E-B939-32E2097C29BA}
	EndGlobalSection
EndGlobal
